
Microsoft Visual Studio Solution File, Format Version 12.00
# Visual Studio Version 16
VisualStudioVersion = 16.0.809.9
MinimumVisualStudioVersion = 10.0.40219.1
Project("{FAE04EC0-301F-11D3-BF4B-00C04F79EFBC}") = "TestDllImport", "TestDllImport\TestDllImport.csproj", "{9413F768-7E97-418B-AE40-C5E7DB208A94}"
EndProject
Global
	GlobalSection(SolutionConfigurationPlatforms) = preSolution
		Debug|Any CPU = Debug|Any CPU
		Release|Any CPU = Release|Any CPU
	EndGlobalSection
	GlobalSection(ProjectConfigurationPlatforms) = postSolution
		{9413F768-7E97-418B-AE40-C5E7DB208A94}.Debug|Any CPU.ActiveCfg = Debug|Any CPU
		{9413F768-7E97-418B-AE40-C5E7DB208A94}.Debug|Any CPU.Build.0 = Debug|Any CPU
		{9413F768-7E97-418B-AE40-C5E7DB208A94}.Release|Any CPU.ActiveCfg = Release|Any CPU
		{9413F768-7E97-418B-AE40-C5E7DB208A94}.Release|Any CPU.Build.0 = Release|Any CPU
	EndGlobalSection
	GlobalSection(SolutionProperties) = preSolution
		HideSolutionNode = FALSE
	EndGlobalSection
	GlobalSection(ExtensibilityGlobals) = postSolution
		SolutionGuid = {B9A02E4E-CF45-466B-BDA9-63EAED85EC1D}
	EndGlobalSection
EndGlobal
